Microsoft Visual Studio Solution File, Format Version 12.00
# Visual Studio Version 17
VisualStudioVersion = 17.5.2.0
MinimumVisualStudioVersion = 10.0.40219.1
Project("{FAE04EC0-301F-11D3-BF4B-00C04F79EFBC}") = "TheMazeRPG", "TheMazeRPG.csproj", "{37AD3386-959D-CA74-5937-D74A7AD3D704}"
EndProject
Global
	GlobalSection(SolutionConfigurationPlatforms) = preSolution
		Debug|Any CPU = Debug|Any CPU
		Release|Any CPU = Release|Any CPU
	EndGlobalSection
	GlobalSection(ProjectConfigurationPlatforms) = postSolution
		{37AD3386-959D-CA74-5937-D74A7AD3D704}.Debug|Any CPU.ActiveCfg = Debug|Any CPU
		{37AD3386-959D-CA74-5937-D74A7AD3D704}.Debug|Any CPU.Build.0 = Debug|Any CPU
		{37AD3386-959D-CA74-5937-D74A7AD3D704}.Release|Any CPU.ActiveCfg = Release|Any CPU
		{37AD3386-959D-CA74-5937-D74A7AD3D704}.Release|Any CPU.Build.0 = Release|Any CPU
	EndGlobalSection
	GlobalSection(SolutionProperties) = preSolution
		HideSolutionNode = FALSE
	EndGlobalSection
	GlobalSection(ExtensibilityGlobals) = postSolution
		SolutionGuid = {2E55C9E5-5837-497E-84AC-0F38A05319FE}
	EndGlobalSection
EndGlobal
